
Microsoft Visual Studio Solution File, Format Version 12.00
# Visual Studio 15
VisualStudioVersion = 15.0.27130.2003
MinimumVisualStudioVersion = 10.0.40219.1
Project("{FAE04EC0-301F-11D3-BF4B-00C04F79EFBC}") = "rozdzial", "rozdzial\rozdzial.csproj", "{2401A497-FEA5-4BA3-B051-5BDFC78FBD43}"
EndProject
Project("{FAE04EC0-301F-11D3-BF4B-00C04F79EFBC}") = "ClassLibrary2", "ClassLibrary2\ClassLibrary2.csproj", "{7FF25A9B-CE52-4BC6-A6BC-2D701FF25D0D}"
EndProject
Global
	GlobalSection(SolutionConfigurationPlatforms) = preSolution
		Debug|Any CPU = Debug|Any CPU
		Debug|ARM = Debug|ARM
		Debug|x64 = Debug|x64
		Debug|x86 = Debug|x86
		Release|Any CPU = Release|Any CPU
		Release|ARM = Release|ARM
		Release|x64 = Release|x64
		Release|x86 = Release|x86
	EndGlobalSection
	GlobalSection(ProjectConfigurationPlatforms) = postSolution
		{2401A497-FEA5-4BA3-B051-5BDFC78FBD43}.Debug|Any CPU.ActiveCfg = Debug|Any CPU
		{2401A497-FEA5-4BA3-B051-5BDFC78FBD43}.Debug|Any CPU.Build.0 = Debug|Any CPU
		{2401A497-FEA5-4BA3-B051-5BDFC78FBD43}.Debug|ARM.ActiveCfg = Debug|Any CPU
		{2401A497-FEA5-4BA3-B051-5BDFC78FBD43}.Debug|ARM.Build.0 = Debug|Any CPU
		{2401A497-FEA5-4BA3-B051-5BDFC78FBD43}.Debug|x64.ActiveCfg = Debug|Any CPU
		{2401A497-FEA5-4BA3-B051-5BDFC78FBD43}.Debug|x64.Build.0 = Debug|Any CPU
		{2401A497-FEA5-4BA3-B051-5BDFC78FBD43}.Debug|x86.ActiveCfg = Debug|Any CPU
		{2401A497-FEA5-4BA3-B051-5BDFC78FBD43}.Debug|x86.Build.0 = Debug|Any CPU
		{2401A497-FEA5-4BA3-B051-5BDFC78FBD43}.Release|Any CPU.ActiveCfg = Release|Any CPU
		{2401A497-FEA5-4BA3-B051-5BDFC78FBD43}.Release|Any CPU.Build.0 = Release|Any CPU
		{2401A497-FEA5-4BA3-B051-5BDFC78FBD43}.Release|ARM.ActiveCfg = Release|Any CPU
		{2401A497-FEA5-4BA3-B051-5BDFC78FBD43}.Release|ARM.Build.0 = Release|Any CPU
		{2401A497-FEA5-4BA3-B051-5BDFC78FBD43}.Release|x64.ActiveCfg = Release|Any CPU
		{2401A497-FEA5-4BA3-B051-5BDFC78FBD43}.Release|x64.Build.0 = Release|Any CPU
		{2401A497-FEA5-4BA3-B051-5BDFC78FBD43}.Release|x86.ActiveCfg = Release|Any CPU
		{2401A497-FEA5-4BA3-B051-5BDFC78FBD43}.Release|x86.Build.0 = Release|Any CPU
		{7FF25A9B-CE52-4BC6-A6BC-2D701FF25D0D}.Debug|Any CPU.ActiveCfg = Debug|Any CPU
		{7FF25A9B-CE52-4BC6-A6BC-2D701FF25D0D}.Debug|Any CPU.Build.0 = Debug|Any CPU
		{7FF25A9B-CE52-4BC6-A6BC-2D701FF25D0D}.Debug|ARM.ActiveCfg = Debug|Any CPU
		{7FF25A9B-CE52-4BC6-A6BC-2D701FF25D0D}.Debug|ARM.Build.0 = Debug|Any CPU
		{7FF25A9B-CE52-4BC6-A6BC-2D701FF25D0D}.Debug|x64.ActiveCfg = Debug|Any CPU
		{7FF25A9B-CE52-4BC6-A6BC-2D701FF25D0D}.Debug|x64.Build.0 = Debug|Any CPU
		{7FF25A9B-CE52-4BC6-A6BC-2D701FF25D0D}.Debug|x86.ActiveCfg = Debug|Any CPU
		{7FF25A9B-CE52-4BC6-A6BC-2D701FF25D0D}.Debug|x86.Build.0 = Debug|Any CPU
		{7FF25A9B-CE52-4BC6-A6BC-2D701FF25D0D}.Release|Any CPU.ActiveCfg = Release|Any CPU
		{7FF25A9B-CE52-4BC6-A6BC-2D701FF25D0D}.Release|Any CPU.Build.0 = Release|Any CPU
		{7FF25A9B-CE52-4BC6-A6BC-2D701FF25D0D}.Release|ARM.ActiveCfg = Release|Any CPU
		{7FF25A9B-CE52-4BC6-A6BC-2D701FF25D0D}.Release|ARM.Build.0 = Release|Any CPU
		{7FF25A9B-CE52-4BC6-A6BC-2D701FF25D0D}.Release|x64.ActiveCfg = Release|Any CPU
		{7FF25A9B-CE52-4BC6-A6BC-2D701FF25D0D}.Release|x64.Build.0 = Release|Any CPU
		{7FF25A9B-CE52-4BC6-A6BC-2D701FF25D0D}.Release|x86.ActiveCfg = Release|Any CPU
		{7FF25A9B-CE52-4BC6-A6BC-2D701FF25D0D}.Release|x86.Build.0 = Release|Any CPU
	EndGlobalSection
	GlobalSection(SolutionProperties) = preSolution
		HideSolutionNode = FALSE
	EndGlobalSection
	GlobalSection(ExtensibilityGlobals) = postSolution
		SolutionGuid = {7AE8E463-B153-484B-987A-A7EDF3CAC1C7}
	EndGlobalSection
EndGlobal
